
Microsoft Visual Studio Solution File, Format Version 12.00
# Visual Studio Version 17
VisualStudioVersion = 17.3.32901.215
MinimumVisualStudioVersion = 10.0.40219.1
Project("{FAE04EC0-301F-11D3-BF4B-00C04F79EFBC}") = "WebApplication", "WebApplication.csproj", "{501AAFA2-8D04-47B8-AAF7-4847EE55BE40}"
EndProject
Global
	GlobalSection(SolutionConfigurationPlatforms) = preSolution
		Debug|Any CPU = Debug|Any CPU
		Release|Any CPU = Release|Any CPU
	EndGlobalSection
	GlobalSection(ProjectConfigurationPlatforms) = postSolution
		{501AAFA2-8D04-47B8-AAF7-4847EE55BE40}.Debug|Any CPU.ActiveCfg = Debug|Any CPU
		{501AAFA2-8D04-47B8-AAF7-4847EE55BE40}.Debug|Any CPU.Build.0 = Debug|Any CPU
		{501AAFA2-8D04-47B8-AAF7-4847EE55BE40}.Release|Any CPU.ActiveCfg = Release|Any CPU
		{501AAFA2-8D04-47B8-AAF7-4847EE55BE40}.Release|Any CPU.Build.0 = Release|Any CPU
	EndGlobalSection
	GlobalSection(SolutionProperties) = preSolution
		HideSolutionNode = FALSE
	EndGlobalSection
	GlobalSection(ExtensibilityGlobals) = postSolution
		SolutionGuid = {88099902-B8B9-4A62-B103-EC954C49F955}
	EndGlobalSection
EndGlobal
